// !$*UTF8*$!
{
	archiveVersion = 1;
	classes = {
	};
	objectVersion = 46;
	objects = {

/* Begin PBXBuildFile section */
		18BBCAD7C8CC0EBBA94F8B93 /* Pods_Glanc.framework in Frameworks */ = {isa = PBXBuildFile; fileRef = 6C5BD16D1DE99B28F025C7B3 /* Pods_Glanc.framework */; };
		BF0B47721E220CB100CCDE5D /* AppDelegate.swift in Sources */ = {isa = PBXBuildFile; fileRef = BF0B47711E220CB100CCDE5D /* AppDelegate.swift */; };
		BF0B47771E220CB100CCDE5D /* Main.storyboard in Resources */ = {isa = PBXBuildFile; fileRef = BF0B47751E220CB100CCDE5D /* Main.storyboard */; };
		BF0B477C1E220CB100CCDE5D /* LaunchScreen.storyboard in Resources */ = {isa = PBXBuildFile; fileRef = BF0B477A1E220CB100CCDE5D /* LaunchScreen.storyboard */; };
		BF0B47871E220CB100CCDE5D /* GlancTests.swift in Sources */ = {isa = PBXBuildFile; fileRef = BF0B47861E220CB100CCDE5D /* GlancTests.swift */; };
		BF0B47921E220CB100CCDE5D /* GlancUITests.swift in Sources */ = {isa = PBXBuildFile; fileRef = BF0B47911E220CB100CCDE5D /* GlancUITests.swift */; };
		BF0B47A01E22196D00CCDE5D /* Assets.xcassets in Resources */ = {isa = PBXBuildFile; fileRef = BF0B479F1E22196D00CCDE5D /* Assets.xcassets */; };
		BF0B47A31E221A1200CCDE5D /* helpers.swift in Sources */ = {isa = PBXBuildFile; fileRef = BF0B47A21E221A1200CCDE5D /* helpers.swift */; };
		BF0B47A61E221AF500CCDE5D /* SplashAnimationViewController.swift in Sources */ = {isa = PBXBuildFile; fileRef = BF0B47A51E221AF500CCDE5D /* SplashAnimationViewController.swift */; };
		BF0B47A81E221B2000CCDE5D /* loginViewController.swift in Sources */ = {isa = PBXBuildFile; fileRef = BF0B47A71E221B2000CCDE5D /* loginViewController.swift */; };
		BF0B47AA1E221B2B00CCDE5D /* signupViewController.swift in Sources */ = {isa = PBXBuildFile; fileRef = BF0B47A91E221B2B00CCDE5D /* signupViewController.swift */; };
		BF0B47AC1E221B3600CCDE5D /* phoneNumber.swift in Sources */ = {isa = PBXBuildFile; fileRef = BF0B47AB1E221B3600CCDE5D /* phoneNumber.swift */; };
		BF0B47AE1E221B4200CCDE5D /* requestAccessViewController.swift in Sources */ = {isa = PBXBuildFile; fileRef = BF0B47AD1E221B4200CCDE5D /* requestAccessViewController.swift */; };
		BF0B47B01E221BF400CCDE5D /* Security.framework in Frameworks */ = {isa = PBXBuildFile; fileRef = BF0B47AF1E221BF400CCDE5D /* Security.framework */; };
		BF0B47B21E221BFE00CCDE5D /* QuartzCore.framework in Frameworks */ = {isa = PBXBuildFile; fileRef = BF0B47B11E221BFE00CCDE5D /* QuartzCore.framework */; };
		BF0B47B41E221C0800CCDE5D /* CoreLocation.framework in Frameworks */ = {isa = PBXBuildFile; fileRef = BF0B47B31E221C0800CCDE5D /* CoreLocation.framework */; };
		BF0B47B61E221C1200CCDE5D /* CoreGraphics.framework in Frameworks */ = {isa = PBXBuildFile; fileRef = BF0B47B51E221C1200CCDE5D /* CoreGraphics.framework */; };
		BF0B47B81E221C1B00CCDE5D /* CFNetwork.framework in Frameworks */ = {isa = PBXBuildFile; fileRef = BF0B47B71E221C1B00CCDE5D /* CFNetwork.framework */; };
/* End PBXBuildFile section */

/* Begin PBXContainerItemProxy section */
		BF0B47831E220CB100CCDE5D /* PBXContainerItemProxy */ = {
			isa = PBXContainerItemProxy;
			containerPortal = BF0B47661E220CB100CCDE5D /* Project object */;
			proxyType = 1;
			remoteGlobalIDString = BF0B476D1E220CB100CCDE5D;
			remoteInfo = Glanc;
		};
		BF0B478E1E220CB100CCDE5D /* PBXContainerItemProxy */ = {
			isa = PBXContainerItemProxy;
			containerPortal = BF0B47661E220CB100CCDE5D /* Project object */;
			proxyType = 1;
			remoteGlobalIDString = BF0B476D1E220CB100CCDE5D;
			remoteInfo = Glanc;
		};
/* End PBXContainerItemProxy section */

/* Begin PBXFileReference section */
		081D2EB9F6431D1F69D1D899 /* Pods-Glanc.debug.xcconfig */ = {isa = PBXFileReference; includeInIndex = 1; lastKnownFileType = text.xcconfig; name = "Pods-Glanc.debug.xcconfig"; path = "Pods/Target Support Files/Pods-Glanc/Pods-Glanc.debug.xcconfig"; sourceTree = "<group>"; };
		6C5BD16D1DE99B28F025C7B3 /* Pods_Glanc.framework */ = {isa = PBXFileReference; explicitFileType = wrapper.framework; includeInIndex = 0; path = Pods_Glanc.framework; sourceTree = BUILT_PRODUCTS_DIR; };
		86C3A0429ADF1CED0509FA5F /* Pods-Glanc.release.xcconfig */ = {isa = PBXFileReference; includeInIndex = 1; lastKnownFileType = text.xcconfig; name = "Pods-Glanc.release.xcconfig"; path = "Pods/Target Support Files/Pods-Glanc/Pods-Glanc.release.xcconfig"; sourceTree = "<group>"; };
		BF0B476E1E220CB100CCDE5D /* mapr.app */ = {isa = PBXFileReference; explicitFileType = wrapper.application; includeInIndex = 0; path = mapr.app; sourceTree = BUILT_PRODUCTS_DIR; };
		BF0B47711E220CB100CCDE5D /* AppDelegate.swift */ = {isa = PBXFileReference; lastKnownFileType = sourcecode.swift; path = AppDelegate.swift; sourceTree = "<group>"; };
		BF0B47761E220CB100CCDE5D /* Base */ = {isa = PBXFileReference; lastKnownFileType = file.storyboard; name = Base; path = Base.lproj/Main.storyboard; sourceTree = "<group>"; };
		BF0B477B1E220CB100CCDE5D /* Base */ = {isa = PBXFileReference; lastKnownFileType = file.storyboard; name = Base; path = Base.lproj/LaunchScreen.storyboard; sourceTree = "<group>"; };
		BF0B477D1E220CB100CCDE5D /* Info.plist */ = {isa = PBXFileReference; lastKnownFileType = text.plist.xml; path = Info.plist; sourceTree = "<group>"; };
		BF0B47821E220CB100CCDE5D /* GlancTests.xctest */ = {isa = PBXFileReference; explicitFileType = wrapper.cfbundle; includeInIndex = 0; path = GlancTests.xctest; sourceTree = BUILT_PRODUCTS_DIR; };
		BF0B47861E220CB100CCDE5D /* GlancTests.swift */ = {isa = PBXFileReference; lastKnownFileType = sourcecode.swift; path = GlancTests.swift; sourceTree = "<group>"; };
		BF0B47881E220CB100CCDE5D /* Info.plist */ = {isa = PBXFileReference; lastKnownFileType = text.plist.xml; path = Info.plist; sourceTree = "<group>"; };
		BF0B478D1E220CB100CCDE5D /* GlancUITests.xctest */ = {isa = PBXFileReference; explicitFileType = wrapper.cfbundle; includeInIndex = 0; path = GlancUITests.xctest; sourceTree = BUILT_PRODUCTS_DIR; };
		BF0B47911E220CB100CCDE5D /* GlancUITests.swift */ = {isa = PBXFileReference; lastKnownFileType = sourcecode.swift; path = GlancUITests.swift; sourceTree = "<group>"; };
		BF0B47931E220CB100CCDE5D /* Info.plist */ = {isa = PBXFileReference; lastKnownFileType = text.plist.xml; path = Info.plist; sourceTree = "<group>"; };
		BF0B479F1E22196D00CCDE5D /* Assets.xcassets */ = {isa = PBXFileReference; lastKnownFileType = folder.assetcatalog; path = Assets.xcassets; sourceTree = "<group>"; };
		BF0B47A21E221A1200CCDE5D /* helpers.swift */ = {isa = PBXFileReference; fileEncoding = 4; lastKnownFileType = sourcecode.swift; path = helpers.swift; sourceTree = "<group>"; };
		BF0B47A51E221AF500CCDE5D /* SplashAnimationViewController.swift */ = {isa = PBXFileReference; fileEncoding = 4; lastKnownFileType = sourcecode.swift; path = SplashAnimationViewController.swift; sourceTree = "<group>"; };
		BF0B47A71E221B2000CCDE5D /* loginViewController.swift */ = {isa = PBXFileReference; fileEncoding = 4; lastKnownFileType = sourcecode.swift; path = loginViewController.swift; sourceTree = "<group>"; };
		BF0B47A91E221B2B00CCDE5D /* signupViewController.swift */ = {isa = PBXFileReference; fileEncoding = 4; lastKnownFileType = sourcecode.swift; path = signupViewController.swift; sourceTree = "<group>"; };
		BF0B47AB1E221B3600CCDE5D /* phoneNumber.swift */ = {isa = PBXFileReference; fileEncoding = 4; lastKnownFileType = sourcecode.swift; path = phoneNumber.swift; sourceTree = "<group>"; };
		BF0B47AD1E221B4200CCDE5D /* requestAccessViewController.swift */ = {isa = PBXFileReference; fileEncoding = 4; lastKnownFileType = sourcecode.swift; path = requestAccessViewController.swift; sourceTree = "<group>"; };
		BF0B47AF1E221BF400CCDE5D /* Security.framework */ = {isa = PBXFileReference; lastKnownFileType = wrapper.framework; name = Security.framework; path = System/Library/Frameworks/Security.framework; sourceTree = SDKROOT; };
		BF0B47B11E221BFE00CCDE5D /* QuartzCore.framework */ = {isa = PBXFileReference; lastKnownFileType = wrapper.framework; name = QuartzCore.framework; path = System/Library/Frameworks/QuartzCore.framework; sourceTree = SDKROOT; };
		BF0B47B31E221C0800CCDE5D /* CoreLocation.framework */ = {isa = PBXFileReference; lastKnownFileType = wrapper.framework; name = CoreLocation.framework; path = System/Library/Frameworks/CoreLocation.framework; sourceTree = SDKROOT; };
		BF0B47B51E221C1200CCDE5D /* CoreGraphics.framework */ = {isa = PBXFileReference; lastKnownFileType = wrapper.framework; name = CoreGraphics.framework; path = System/Library/Frameworks/CoreGraphics.framework; sourceTree = SDKROOT; };
		BF0B47B71E221C1B00CCDE5D /* CFNetwork.framework */ = {isa = PBXFileReference; lastKnownFileType = wrapper.framework; name = CFNetwork.framework; path = System/Library/Frameworks/CFNetwork.framework; sourceTree = SDKROOT; };
/* End PBXFileReference section */

/* Begin PBXFrameworksBuildPhase section */
		BF0B476B1E220CB100CCDE5D /* Frameworks */ = {
			isa = PBXFrameworksBuildPhase;
			buildActionMask = 2147483647;
			files = (
				BF0B47B81E221C1B00CCDE5D /* CFNetwork.framework in Frameworks */,
				BF0B47B61E221C1200CCDE5D /* CoreGraphics.framework in Frameworks */,
				BF0B47B41E221C0800CCDE5D /* CoreLocation.framework in Frameworks */,
				BF0B47B21E221BFE00CCDE5D /* QuartzCore.framework in Frameworks */,
				BF0B47B01E221BF400CCDE5D /* Security.framework in Frameworks */,
				18BBCAD7C8CC0EBBA94F8B93 /* Pods_Glanc.framework in Frameworks */,
			);
			runOnlyForDeploymentPostprocessing = 0;
		};
		BF0B477F1E220CB100CCDE5D /* Frameworks */ = {
			isa = PBXFrameworksBuildPhase;
			buildActionMask = 2147483647;
			files = (
			);
			runOnlyForDeploymentPostprocessing = 0;
		};
		BF0B478A1E220CB100CCDE5D /* Frameworks */ = {
			isa = PBXFrameworksBuildPhase;
			buildActionMask = 2147483647;
			files = (
			);
			runOnlyForDeploymentPostprocessing = 0;
		};
/* End PBXFrameworksBuildPhase section */

/* Begin PBXGroup section */
		81DFCF342B3276373B8F8022 /* Pods */ = {
			isa = PBXGroup;
			children = (
				081D2EB9F6431D1F69D1D899 /* Pods-Glanc.debug.xcconfig */,
				86C3A0429ADF1CED0509FA5F /* Pods-Glanc.release.xcconfig */,
			);
			name = Pods;
			sourceTree = "<group>";
		};
		BF0B47651E220CB100CCDE5D = {
			isa = PBXGroup;
			children = (
				BF0B47701E220CB100CCDE5D /* Glanc */,
				BF0B47851E220CB100CCDE5D /* GlancTests */,
				BF0B47901E220CB100CCDE5D /* GlancUITests */,
				BF0B476F1E220CB100CCDE5D /* Products */,
				81DFCF342B3276373B8F8022 /* Pods */,
				D18EFA9B907D5284947DD8CB /* Frameworks */,
			);
			sourceTree = "<group>";
		};
		BF0B476F1E220CB100CCDE5D /* Products */ = {
			isa = PBXGroup;
			children = (
				BF0B476E1E220CB100CCDE5D /* mapr.app */,
				BF0B47821E220CB100CCDE5D /* GlancTests.xctest */,
				BF0B478D1E220CB100CCDE5D /* GlancUITests.xctest */,
			);
			name = Products;
			sourceTree = "<group>";
		};
		BF0B47701E220CB100CCDE5D /* Glanc */ = {
			isa = PBXGroup;
			children = (
				BF0B47A11E2219FB00CCDE5D /* Helper */,
				BF0B47A41E221A9400CCDE5D /* App Start */,
				BF0B47751E220CB100CCDE5D /* Main.storyboard */,
				BF0B479F1E22196D00CCDE5D /* Assets.xcassets */,
				BF0B477A1E220CB100CCDE5D /* LaunchScreen.storyboard */,
				BF0B477D1E220CB100CCDE5D /* Info.plist */,
			);
			path = Glanc;
			sourceTree = "<group>";
		};
		BF0B47851E220CB100CCDE5D /* GlancTests */ = {
			isa = PBXGroup;
			children = (
				BF0B47861E220CB100CCDE5D /* GlancTests.swift */,
				BF0B47881E220CB100CCDE5D /* Info.plist */,
			);
			path = GlancTests;
			sourceTree = "<group>";
		};
		BF0B47901E220CB100CCDE5D /* GlancUITests */ = {
			isa = PBXGroup;
			children = (
				BF0B47911E220CB100CCDE5D /* GlancUITests.swift */,
				BF0B47931E220CB100CCDE5D /* Info.plist */,
			);
			path = GlancUITests;
			sourceTree = "<group>";
		};
		BF0B47A11E2219FB00CCDE5D /* Helper */ = {
			isa = PBXGroup;
			children = (
				BF0B47A21E221A1200CCDE5D /* helpers.swift */,
			);
			name = Helper;
			sourceTree = "<group>";
		};
		BF0B47A41E221A9400CCDE5D /* App Start */ = {
			isa = PBXGroup;
			children = (
				BF0B47711E220CB100CCDE5D /* AppDelegate.swift */,
				BF0B47A51E221AF500CCDE5D /* SplashAnimationViewController.swift */,
				BF0B47A71E221B2000CCDE5D /* loginViewController.swift */,
				BF0B47A91E221B2B00CCDE5D /* signupViewController.swift */,
				BF0B47AB1E221B3600CCDE5D /* phoneNumber.swift */,
				BF0B47AD1E221B4200CCDE5D /* requestAccessViewController.swift */,
			);
			name = "App Start";
			sourceTree = "<group>";
		};
		D18EFA9B907D5284947DD8CB /* Frameworks */ = {
			isa = PBXGroup;
			children = (
				BF0B47B71E221C1B00CCDE5D /* CFNetwork.framework */,
				BF0B47B51E221C1200CCDE5D /* CoreGraphics.framework */,
				BF0B47B31E221C0800CCDE5D /* CoreLocation.framework */,
				BF0B47B11E221BFE00CCDE5D /* QuartzCore.framework */,
				BF0B47AF1E221BF400CCDE5D /* Security.framework */,
				6C5BD16D1DE99B28F025C7B3 /* Pods_Glanc.framework */,
			);
			name = Frameworks;
			sourceTree = "<group>";
		};
/* End PBXGroup section */

/* Begin PBXNativeTarget section */
		BF0B476D1E220CB100CCDE5D /* Glanc */ = {
			isa = PBXNativeTarget;
			buildConfigurationList = BF0B47961E220CB100CCDE5D /* Build configuration list for PBXNativeTarget "Glanc" */;
			buildPhases = (
				DA4C230F4E8D81F26EB5688E /* [CP] Check Pods Manifest.lock */,
				BF0B476A1E220CB100CCDE5D /* Sources */,
				BF0B476B1E220CB100CCDE5D /* Frameworks */,
				BF0B476C1E220CB100CCDE5D /* Resources */,
				749411DD5790F3D9DBEB3F1D /* [CP] Embed Pods Frameworks */,
				0454FC543E32F3EC7B5F982C /* [CP] Copy Pods Resources */,
			);
			buildRules = (
			);
			dependencies = (
			);
			name = Glanc;
			productName = Glanc;
			productReference = BF0B476E1E220CB100CCDE5D /* mapr.app */;
			productType = "com.apple.product-type.application";
		};
		BF0B47811E220CB100CCDE5D /* GlancTests */ = {
			isa = PBXNativeTarget;
			buildConfigurationList = BF0B47991E220CB100CCDE5D /* Build configuration list for PBXNativeTarget "GlancTests" */;
			buildPhases = (
				BF0B477E1E220CB100CCDE5D /* Sources */,
				BF0B477F1E220CB100CCDE5D /* Frameworks */,
				BF0B47801E220CB100CCDE5D /* Resources */,
			);
			buildRules = (
			);
			dependencies = (
				BF0B47841E220CB100CCDE5D /* PBXTargetDependency */,
			);
			name = GlancTests;
			productName = GlancTests;
			productReference = BF0B47821E220CB100CCDE5D /* GlancTests.xctest */;
			productType = "com.apple.product-type.bundle.unit-test";
		};
		BF0B478C1E220CB100CCDE5D /* GlancUITests */ = {
			isa = PBXNativeTarget;
			buildConfigurationList = BF0B479C1E220CB100CCDE5D /* Build configuration list for PBXNativeTarget "GlancUITests" */;
			buildPhases = (
				BF0B47891E220CB100CCDE5D /* Sources */,
				BF0B478A1E220CB100CCDE5D /* Frameworks */,
				BF0B478B1E220CB100CCDE5D /* Resources */,
			);
			buildRules = (
			);
			dependencies = (
				BF0B478F1E220CB100CCDE5D /* PBXTargetDependency */,
			);
			name = GlancUITests;
			productName = GlancUITests;
			productReference = BF0B478D1E220CB100CCDE5D /* GlancUITests.xctest */;
			productType = "com.apple.product-type.bundle.ui-testing";
		};
/* End PBXNativeTarget section */

/* Begin PBXProject section */
		BF0B47661E220CB100CCDE5D /* Project object */ = {
			isa = PBXProject;
			attributes = {
				LastSwiftUpdateCheck = 0820;
				LastUpgradeCheck = 0820;
				ORGANIZATIONNAME = "Manmeet Swach";
				TargetAttributes = {
					BF0B476D1E220CB100CCDE5D = {
						CreatedOnToolsVersion = 8.2.1;
						DevelopmentTeam = YGDGL77DQ7;
						ProvisioningStyle = Automatic;
					};
					BF0B47811E220CB100CCDE5D = {
						CreatedOnToolsVersion = 8.2.1;
						DevelopmentTeam = YGDGL77DQ7;
						ProvisioningStyle = Automatic;
						TestTargetID = BF0B476D1E220CB100CCDE5D;
					};
					BF0B478C1E220CB100CCDE5D = {
						CreatedOnToolsVersion = 8.2.1;
						DevelopmentTeam = YGDGL77DQ7;
						ProvisioningStyle = Automatic;
						TestTargetID = BF0B476D1E220CB100CCDE5D;
					};
				};
			};
			buildConfigurationList = BF0B47691E220CB100CCDE5D /* Build configuration list for PBXProject "Glanc" */;
			compatibilityVersion = "Xcode 3.2";
			developmentRegion = English;
			hasScannedForEncodings = 0;
			knownRegions = (
				en,
				Base,
			);
			mainGroup = BF0B47651E220CB100CCDE5D;
			productRefGroup = BF0B476F1E220CB100CCDE5D /* Products */;
			projectDirPath = "";
			projectRoot = "";
			targets = (
				BF0B476D1E220CB100CCDE5D /* Glanc */,
				BF0B47811E220CB100CCDE5D /* GlancTests */,
				BF0B478C1E220CB100CCDE5D /* GlancUITests */,
			);
		};
/* End PBXProject section */

/* Begin PBXResourcesBuildPhase section */
		BF0B476C1E220CB100CCDE5D /* Resources */ = {
			isa = PBXResourcesBuildPhase;
			buildActionMask = 2147483647;
			files = (
				BF0B477C1E220CB100CCDE5D /* LaunchScreen.storyboard in Resources */,
				BF0B47A01E22196D00CCDE5D /* Assets.xcassets in Resources */,
				BF0B47771E220CB100CCDE5D /* Main.storyboard in Resources */,
			);
			runOnlyForDeploymentPostprocessing = 0;
		};
		BF0B47801E220CB100CCDE5D /* Resources */ = {
			isa = PBXResourcesBuildPhase;
			buildActionMask = 2147483647;
			files = (
			);
			runOnlyForDeploymentPostprocessing = 0;
		};
		BF0B478B1E220CB100CCDE5D /* Resources */ = {
			isa = PBXResourcesBuildPhase;
			buildActionMask = 2147483647;
			files = (
			);
			runOnlyForDeploymentPostprocessing = 0;
		};
/* End PBXResourcesBuildPhase section */

/* Begin PBXShellScriptBuildPhase section */
		0454FC543E32F3EC7B5F982C /* [CP] Copy Pods Resources */ = {
			isa = PBXShellScriptBuildPhase;
			buildActionMask = 2147483647;
			files = (
			);
			inputPaths = (
			);
			name = "[CP] Copy Pods Resources";
			outputPaths = (
			);
			runOnlyForDeploymentPostprocessing = 0;
			shellPath = /bin/sh;
			shellScript = "\"${SRCROOT}/Pods/Target Support Files/Pods-Glanc/Pods-Glanc-resources.sh\"\n";
			showEnvVarsInLog = 0;
		};
		749411DD5790F3D9DBEB3F1D /* [CP] Embed Pods Frameworks */ = {
			isa = PBXShellScriptBuildPhase;
			buildActionMask = 2147483647;
			files = (
			);
			inputPaths = (
			);
			name = "[CP] Embed Pods Frameworks";
			outputPaths = (
			);
			runOnlyForDeploymentPostprocessing = 0;
			shellPath = /bin/sh;
			shellScript = "\"${SRCROOT}/Pods/Target Support Files/Pods-Glanc/Pods-Glanc-frameworks.sh\"\n";
			showEnvVarsInLog = 0;
		};
		DA4C230F4E8D81F26EB5688E /* [CP] Check Pods Manifest.lock */ = {
			isa = PBXShellScriptBuildPhase;
			buildActionMask = 2147483647;
			files = (
			);
			inputPaths = (
			);
			name = "[CP] Check Pods Manifest.lock";
			outputPaths = (
			);
			runOnlyForDeploymentPostprocessing = 0;
			shellPath = /bin/sh;
			shellScript = "diff \"${PODS_ROOT}/../Podfile.lock\" \"${PODS_ROOT}/Manifest.lock\" > /dev/null\nif [ $? != 0 ] ; then\n    # print error to STDERR\n    echo \"error: The sandbox is not in sync with the Podfile.lock. Run 'pod install' or update your CocoaPods installation.\" >&2\n    exit 1\nfi\n";
			showEnvVarsInLog = 0;
		};
/* End PBXShellScriptBuildPhase section */

/* Begin PBXSourcesBuildPhase section */
		BF0B476A1E220CB100CCDE5D /* Sources */ = {
			isa = PBXSourcesBuildPhase;
			buildActionMask = 2147483647;
			files = (
				BF0B47A81E221B2000CCDE5D /* loginViewController.swift in Sources */,
				BF0B47A61E221AF500CCDE5D /* SplashAnimationViewController.swift in Sources */,
				BF0B47AA1E221B2B00CCDE5D /* signupViewController.swift in Sources */,
				BF0B47AC1E221B3600CCDE5D /* phoneNumber.swift in Sources */,
				BF0B47721E220CB100CCDE5D /* AppDelegate.swift in Sources */,
				BF0B47A31E221A1200CCDE5D /* helpers.swift in Sources */,
				BF0B47AE1E221B4200CCDE5D /* requestAccessViewController.swift in Sources */,
			);
			runOnlyForDeploymentPostprocessing = 0;
		};
		BF0B477E1E220CB100CCDE5D /* Sources */ = {
			isa = PBXSourcesBuildPhase;
			buildActionMask = 2147483647;
			files = (
				BF0B47871E220CB100CCDE5D /* GlancTests.swift in Sources */,
			);
			runOnlyForDeploymentPostprocessing = 0;
		};
		BF0B47891E220CB100CCDE5D /* Sources */ = {
			isa = PBXSourcesBuildPhase;
			buildActionMask = 2147483647;
			files = (
				BF0B47921E220CB100CCDE5D /* GlancUITests.swift in Sources */,
			);
			runOnlyForDeploymentPostprocessing = 0;
		};
/* End PBXSourcesBuildPhase section */

/* Begin PBXTargetDependency section */
		BF0B47841E220CB100CCDE5D /* PBXTargetDependency */ = {
			isa = PBXTargetDependency;
			target = BF0B476D1E220CB100CCDE5D /* Glanc */;
			targetProxy = BF0B47831E220CB100CCDE5D /* PBXContainerItemProxy */;
		};
		BF0B478F1E220CB100CCDE5D /* PBXTargetDependency */ = {
			isa = PBXTargetDependency;
			target = BF0B476D1E220CB100CCDE5D /* Glanc */;
			targetProxy = BF0B478E1E220CB100CCDE5D /* PBXContainerItemProxy */;
		};
/* End PBXTargetDependency section */

/* Begin PBXVariantGroup section */
		BF0B47751E220CB100CCDE5D /* Main.storyboard */ = {
			isa = PBXVariantGroup;
			children = (
				BF0B47761E220CB100CCDE5D /* Base */,
			);
			name = Main.storyboard;
			sourceTree = "<group>";
		};
		BF0B477A1E220CB100CCDE5D /* LaunchScreen.storyboard */ = {
			isa = PBXVariantGroup;
			children = (
				BF0B477B1E220CB100CCDE5D /* Base */,
			);
			name = LaunchScreen.storyboard;
			sourceTree = "<group>";
		};
/* End PBXVariantGroup section */

/* Begin XCBuildConfiguration section */
		BF0B47941E220CB100CCDE5D /* Debug */ = {
			isa = XCBuildConfiguration;
			buildSettings = {
				ALWAYS_SEARCH_USER_PATHS = NO;
				CLANG_ANALYZER_NONNULL = YES;
				CLANG_CXX_LANGUAGE_STANDARD = "gnu++0x";
				CLANG_CXX_LIBRARY = "libc++";
				CLANG_ENABLE_MODULES = YES;
				CLANG_ENABLE_OBJC_ARC = YES;
				CLANG_WARN_BOOL_CONVERSION = YES;
				CLANG_WARN_CONSTANT_CONVERSION = YES;
				CLANG_WARN_DIRECT_OBJC_ISA_USAGE = YES_ERROR;
				CLANG_WARN_DOCUMENTATION_COMMENTS = YES;
				CLANG_WARN_EMPTY_BODY = YES;
				CLANG_WARN_ENUM_CONVERSION = YES;
				CLANG_WARN_INFINITE_RECURSION = YES;
				CLANG_WARN_INT_CONVERSION = YES;
				CLANG_WARN_OBJC_ROOT_CLASS = YES_ERROR;
				CLANG_WARN_SUSPICIOUS_MOVE = YES;
				CLANG_WARN_UNREACHABLE_CODE = YES;
				CLANG_WARN__DUPLICATE_METHOD_MATCH = YES;
				"CODE_SIGN_IDENTITY[sdk=iphoneos*]" = "iPhone Developer";
				COPY_PHASE_STRIP = NO;
				DEBUG_INFORMATION_FORMAT = dwarf;
				ENABLE_STRICT_OBJC_MSGSEND = YES;
				ENABLE_TESTABILITY = YES;
				GCC_C_LANGUAGE_STANDARD = gnu99;
				GCC_DYNAMIC_NO_PIC = NO;
				GCC_NO_COMMON_BLOCKS = YES;
				GCC_OPTIMIZATION_LEVEL = 0;
				GCC_PREPROCESSOR_DEFINITIONS = (
					"DEBUG=1",
					"$(inherited)",
				);
				GCC_WARN_64_TO_32_BIT_CONVERSION = YES;
				GCC_WARN_ABOUT_RETURN_TYPE = YES_ERROR;
				GCC_WARN_UNDECLARED_SELECTOR = YES;
				GCC_WARN_UNINITIALIZED_AUTOS = YES_AGGRESSIVE;
				GCC_WARN_UNUSED_FUNCTION = YES;
				GCC_WARN_UNUSED_VARIABLE = YES;
				IPHONEOS_DEPLOYMENT_TARGET = 10.2;
				MTL_ENABLE_DEBUG_INFO = YES;
				ONLY_ACTIVE_ARCH = YES;
				SDKROOT = iphoneos;
				SWIFT_ACTIVE_COMPILATION_CONDITIONS = DEBUG;
				SWIFT_OPTIMIZATION_LEVEL = "-Onone";
			};
			name = Debug;
		};
		BF0B47951E220CB100CCDE5D /* Release */ = {
			isa = XCBuildConfiguration;
			buildSettings = {
				ALWAYS_SEARCH_USER_PATHS = NO;
				CLANG_ANALYZER_NONNULL = YES;
				CLANG_CXX_LANGUAGE_STANDARD = "gnu++0x";
				CLANG_CXX_LIBRARY = "libc++";
				CLANG_ENABLE_MODULES = YES;
				CLANG_ENABLE_OBJC_ARC = YES;
				CLANG_WARN_BOOL_CONVERSION = YES;
				CLANG_WARN_CONSTANT_CONVERSION = YES;
				CLANG_WARN_DIRECT_OBJC_ISA_USAGE = YES_ERROR;
				CLANG_WARN_DOCUMENTATION_COMMENTS = YES;
				CLANG_WARN_EMPTY_BODY = YES;
				CLANG_WARN_ENUM_CONVERSION = YES;
				CLANG_WARN_INFINITE_RECURSION = YES;
				CLANG_WARN_INT_CONVERSION = YES;
				CLANG_WARN_OBJC_ROOT_CLASS = YES_ERROR;
				CLANG_WARN_SUSPICIOUS_MOVE = YES;
				CLANG_WARN_UNREACHABLE_CODE = YES;
				CLANG_WARN__DUPLICATE_METHOD_MATCH = YES;
				"CODE_SIGN_IDENTITY[sdk=iphoneos*]" = "iPhone Developer";
				COPY_PHASE_STRIP = NO;
				DEBUG_INFORMATION_FORMAT = "dwarf-with-dsym";
				ENABLE_NS_ASSERTIONS = NO;
				ENABLE_STRICT_OBJC_MSGSEND = YES;
				GCC_C_LANGUAGE_STANDARD = gnu99;
				GCC_NO_COMMON_BLOCKS = YES;
				GCC_WARN_64_TO_32_BIT_CONVERSION = YES;
				GCC_WARN_ABOUT_RETURN_TYPE = YES_ERROR;
				GCC_WARN_UNDECLARED_SELECTOR = YES;
				GCC_WARN_UNINITIALIZED_AUTOS = YES_AGGRESSIVE;
				GCC_WARN_UNUSED_FUNCTION = YES;
				GCC_WARN_UNUSED_VARIABLE = YES;
				IPHONEOS_DEPLOYMENT_TARGET = 10.2;
				MTL_ENABLE_DEBUG_INFO = NO;
				SDKROOT = iphoneos;
				SWIFT_OPTIMIZATION_LEVEL = "-Owholemodule";
				VALIDATE_PRODUCT = YES;
			};
			name = Release;
		};
		BF0B47971E220CB100CCDE5D /* Debug */ = {
			isa = XCBuildConfiguration;
			baseConfigurationReference = 081D2EB9F6431D1F69D1D899 /* Pods-Glanc.debug.xcconfig */;
			buildSettings = {
				ASSETCATALOG_COMPILER_APPICON_NAME = AppIcon;
				DEVELOPMENT_TEAM = YGDGL77DQ7;
				INFOPLIST_FILE = mapr/Info.plist;
				IPHONEOS_DEPLOYMENT_TARGET = 10.1;
				LD_RUNPATH_SEARCH_PATHS = "$(inherited) @executable_path/Frameworks";
				PRODUCT_BUNDLE_IDENTIFIER = swach.mapr;
				PRODUCT_NAME = mapr;
				SWIFT_VERSION = 3.0;
			};
			name = Debug;
		};
		BF0B47981E220CB100CCDE5D /* Release */ = {
			isa = XCBuildConfiguration;
			baseConfigurationReference = 86C3A0429ADF1CED0509FA5F /* Pods-Glanc.release.xcconfig */;
			buildSettings = {
				ASSETCATALOG_COMPILER_APPICON_NAME = AppIcon;
				DEVELOPMENT_TEAM = YGDGL77DQ7;
				INFOPLIST_FILE = mapr/Info.plist;
				IPHONEOS_DEPLOYMENT_TARGET = 10.1;
				LD_RUNPATH_SEARCH_PATHS = "$(inherited) @executable_path/Frameworks";
				PRODUCT_BUNDLE_IDENTIFIER = swach.mapr;
				PRODUCT_NAME = mapr;
				SWIFT_VERSION = 3.0;
			};
			name = Release;
		};
		BF0B479A1E220CB100CCDE5D /* Debug */ = {
			isa = XCBuildConfiguration;
			buildSettings = {
				ALWAYS_EMBED_SWIFT_STANDARD_LIBRARIES = YES;
				BUNDLE_LOADER = "$(TEST_HOST)";
				DEVELOPMENT_TEAM = YGDGL77DQ7;
				INFOPLIST_FILE = GlancTests/Info.plist;
				LD_RUNPATH_SEARCH_PATHS = "$(inherited) @executable_path/Frameworks @loader_path/Frameworks";
				PRODUCT_BUNDLE_IDENTIFIER = swach.GlancTests;
				PRODUCT_NAME = "$(TARGET_NAME)";
				SWIFT_VERSION = 3.0;
				TEST_HOST = "$(BUILT_PRODUCTS_DIR)/Glanc.app/Glanc";
			};
			name = Debug;
		};
		BF0B479B1E220CB100CCDE5D /* Release */ = {
			isa = XCBuildConfiguration;
			buildSettings = {
				ALWAYS_EMBED_SWIFT_STANDARD_LIBRARIES = YES;
				BUNDLE_LOADER = "$(TEST_HOST)";
				DEVELOPMENT_TEAM = YGDGL77DQ7;
				INFOPLIST_FILE = GlancTests/Info.plist;
				LD_RUNPATH_SEARCH_PATHS = "$(inherited) @executable_path/Frameworks @loader_path/Frameworks";
				PRODUCT_BUNDLE_IDENTIFIER = swach.GlancTests;
				PRODUCT_NAME = "$(TARGET_NAME)";
				SWIFT_VERSION = 3.0;
				TEST_HOST = "$(BUILT_PRODUCTS_DIR)/Glanc.app/Glanc";
			};
			name = Release;
		};
		BF0B479D1E220CB100CCDE5D /* Debug */ = {
			isa = XCBuildConfiguration;
			buildSettings = {
				ALWAYS_EMBED_SWIFT_STANDARD_LIBRARIES = YES;
				DEVELOPMENT_TEAM = YGDGL77DQ7;
				INFOPLIST_FILE = GlancUITests/Info.plist;
				LD_RUNPATH_SEARCH_PATHS = "$(inherited) @executable_path/Frameworks @loader_path/Frameworks";
				PRODUCT_BUNDLE_IDENTIFIER = swach.GlancUITests;
				PRODUCT_NAME = "$(TARGET_NAME)";
				SWIFT_VERSION = 3.0;
				TEST_TARGET_NAME = Glanc;
			};
			name = Debug;
		};
		BF0B479E1E220CB100CCDE5D /* Release */ = {
			isa = XCBuildConfiguration;
			buildSettings = {
				ALWAYS_EMBED_SWIFT_STANDARD_LIBRARIES = YES;
				DEVELOPMENT_TEAM = YGDGL77DQ7;
				INFOPLIST_FILE = GlancUITests/Info.plist;
				LD_RUNPATH_SEARCH_PATHS = "$(inherited) @executable_path/Frameworks @loader_path/Frameworks";
				PRODUCT_BUNDLE_IDENTIFIER = swach.GlancUITests;
				PRODUCT_NAME = "$(TARGET_NAME)";
				SWIFT_VERSION = 3.0;
				TEST_TARGET_NAME = Glanc;
			};
			name = Release;
		};
/* End XCBuildConfiguration section */

/* Begin XCConfigurationList section */
		BF0B47691E220CB100CCDE5D /* Build configuration list for PBXProject "Glanc" */ = {
			isa = XCConfigurationList;
			buildConfigurations = (
				BF0B47941E220CB100CCDE5D /* Debug */,
				BF0B47951E220CB100CCDE5D /* Release */,
			);
			defaultConfigurationIsVisible = 0;
			defaultConfigurationName = Release;
		};
		BF0B47961E220CB100CCDE5D /* Build configuration list for PBXNativeTarget "Glanc" */ = {
			isa = XCConfigurationList;
			buildConfigurations = (
				BF0B47971E220CB100CCDE5D /* Debug */,
				BF0B47981E220CB100CCDE5D /* Release */,
			);
			defaultConfigurationIsVisible = 0;
			defaultConfigurationName = Release;
		};
		BF0B47991E220CB100CCDE5D /* Build configuration list for PBXNativeTarget "GlancTests" */ = {
			isa = XCConfigurationList;
			buildConfigurations = (
				BF0B479A1E220CB100CCDE5D /* Debug */,
				BF0B479B1E220CB100CCDE5D /* Release */,
			);
			defaultConfigurationIsVisible = 0;
			defaultConfigurationName = Release;
		};
		BF0B479C1E220CB100CCDE5D /* Build configuration list for PBXNativeTarget "GlancUITests" */ = {
			isa = XCConfigurationList;
			buildConfigurations = (
				BF0B479D1E220CB100CCDE5D /* Debug */,
				BF0B479E1E220CB100CCDE5D /* Release */,
			);
			defaultConfigurationIsVisible = 0;
			defaultConfigurationName = Release;
		};
/* End XCConfigurationList section */
	};
	rootObject = BF0B47661E220CB100CCDE5D /* Project object */;
}
